
Microsoft Visual Studio Solution File, Format Version 12.00
# Visual Studio Version 17
VisualStudioVersion = 17.9.34723.18
MinimumVisualStudioVersion = 10.0.40219.1
Project("{FAE04EC0-301F-11D3-BF4B-00C04F79EFBC}") = "DiscordUsernameChecker", "DiscordUsernameChecker\DiscordUsernameChecker.csproj", "{9235DE88-D69A-42B8-831D-D626ECA24F59}"
EndProject
Global
	GlobalSection(SolutionConfigurationPlatforms) = preSolution
		Debug|Any CPU = Debug|Any CPU
		Debug|x64 = Debug|x64
		Release|Any CPU = Release|Any CPU
		Release|x64 = Release|x64
	EndGlobalSection
	GlobalSection(ProjectConfigurationPlatforms) = postSolution
		{9235DE88-D69A-42B8-831D-D626ECA24F59}.Debug|Any CPU.ActiveCfg = Release|Any CPU
		{9235DE88-D69A-42B8-831D-D626ECA24F59}.Debug|Any CPU.Build.0 = Release|Any CPU
		{9235DE88-D69A-42B8-831D-D626ECA24F59}.Debug|x64.ActiveCfg = Debug|x64
		{9235DE88-D69A-42B8-831D-D626ECA24F59}.Debug|x64.Build.0 = Debug|x64
		{9235DE88-D69A-42B8-831D-D626ECA24F59}.Release|Any CPU.ActiveCfg = Release|Any CPU
		{9235DE88-D69A-42B8-831D-D626ECA24F59}.Release|Any CPU.Build.0 = Release|Any CPU
		{9235DE88-D69A-42B8-831D-D626ECA24F59}.Release|x64.ActiveCfg = Release|x64
		{9235DE88-D69A-42B8-831D-D626ECA24F59}.Release|x64.Build.0 = Release|x64
	EndGlobalSection
	GlobalSection(SolutionProperties) = preSolution
		HideSolutionNode = FALSE
	EndGlobalSection
	GlobalSection(ExtensibilityGlobals) = postSolution
		SolutionGuid = {2EB222E8-9EA0-474C-8C87-0F47E63DD1A2}
	EndGlobalSection
EndGlobal
